
Microsoft Visual Studio Solution File, Format Version 12.00
# Visual Studio Version 17
VisualStudioVersion = 17.9.34622.214
MinimumVisualStudioVersion = 10.0.40219.1
Project("{9A19103F-16F7-4668-BE54-9A1E7A4F7556}") = "ErpPruebaBackend", "ErpPruebaBackend\ErpPruebaBackend.csproj", "{B69E272B-3155-4F96-83F6-98FC2C8869EC}"
EndProject
Project("{9A19103F-16F7-4668-BE54-9A1E7A4F7556}") = "ErpCore", "ErpCore\ErpCore.csproj", "{A6660189-197B-49E0-BEFD-EC5247ECD9DE}"
EndProject
Project("{9A19103F-16F7-4668-BE54-9A1E7A4F7556}") = "ErpIoc", "ErpIoc\ErpIoc.csproj", "{CCEBC1DA-0B8A-4447-BA2D-4B4ADFD4BA76}"
EndProject
Project("{9A19103F-16F7-4668-BE54-9A1E7A4F7556}") = "ErpSecurity", "ErpSecurity\ErpSecurity.csproj", "{F7E90B12-0B40-4F74-A510-51F65B4356E6}"
EndProject
Project("{9A19103F-16F7-4668-BE54-9A1E7A4F7556}") = "ErpShared", "ErpShared\ErpShared.csproj", "{731F2CDE-49B5-4A89-BBA0-0B98A3ED5D95}"
EndProject
Global
	GlobalSection(SolutionConfigurationPlatforms) = preSolution
		Debug|Any CPU = Debug|Any CPU
		Release|Any CPU = Release|Any CPU
	EndGlobalSection
	GlobalSection(ProjectConfigurationPlatforms) = postSolution
		{B69E272B-3155-4F96-83F6-98FC2C8869EC}.Debug|Any CPU.ActiveCfg = Debug|Any CPU
		{B69E272B-3155-4F96-83F6-98FC2C8869EC}.Debug|Any CPU.Build.0 = Debug|Any CPU
		{B69E272B-3155-4F96-83F6-98FC2C8869EC}.Release|Any CPU.ActiveCfg = Release|Any CPU
		{B69E272B-3155-4F96-83F6-98FC2C8869EC}.Release|Any CPU.Build.0 = Release|Any CPU
		{A6660189-197B-49E0-BEFD-EC5247ECD9DE}.Debug|Any CPU.ActiveCfg = Debug|Any CPU
		{A6660189-197B-49E0-BEFD-EC5247ECD9DE}.Debug|Any CPU.Build.0 = Debug|Any CPU
		{A6660189-197B-49E0-BEFD-EC5247ECD9DE}.Release|Any CPU.ActiveCfg = Release|Any CPU
		{A6660189-197B-49E0-BEFD-EC5247ECD9DE}.Release|Any CPU.Build.0 = Release|Any CPU
		{CCEBC1DA-0B8A-4447-BA2D-4B4ADFD4BA76}.Debug|Any CPU.ActiveCfg = Debug|Any CPU
		{CCEBC1DA-0B8A-4447-BA2D-4B4ADFD4BA76}.Debug|Any CPU.Build.0 = Debug|Any CPU
		{CCEBC1DA-0B8A-4447-BA2D-4B4ADFD4BA76}.Release|Any CPU.ActiveCfg = Release|Any CPU
		{CCEBC1DA-0B8A-4447-BA2D-4B4ADFD4BA76}.Release|Any CPU.Build.0 = Release|Any CPU
		{F7E90B12-0B40-4F74-A510-51F65B4356E6}.Debug|Any CPU.ActiveCfg = Debug|Any CPU
		{F7E90B12-0B40-4F74-A510-51F65B4356E6}.Debug|Any CPU.Build.0 = Debug|Any CPU
		{F7E90B12-0B40-4F74-A510-51F65B4356E6}.Release|Any CPU.ActiveCfg = Release|Any CPU
		{F7E90B12-0B40-4F74-A510-51F65B4356E6}.Release|Any CPU.Build.0 = Release|Any CPU
		{731F2CDE-49B5-4A89-BBA0-0B98A3ED5D95}.Debug|Any CPU.ActiveCfg = Debug|Any CPU
		{731F2CDE-49B5-4A89-BBA0-0B98A3ED5D95}.Debug|Any CPU.Build.0 = Debug|Any CPU
		{731F2CDE-49B5-4A89-BBA0-0B98A3ED5D95}.Release|Any CPU.ActiveCfg = Release|Any CPU
		{731F2CDE-49B5-4A89-BBA0-0B98A3ED5D95}.Release|Any CPU.Build.0 = Release|Any CPU
	EndGlobalSection
	GlobalSection(SolutionProperties) = preSolution
		HideSolutionNode = FALSE
	EndGlobalSection
	GlobalSection(ExtensibilityGlobals) = postSolution
		SolutionGuid = {0927E052-E052-49EF-A08F-A9D967D3A7AE}
	EndGlobalSection
EndGlobal
